{
  "name": "av-1",
  "version": "1.0.0",
  "lockfileVersion": 3,
  "requires": true,
  "packages": {
    "": {
      "name": "av-1",
      "version": "1.0.0",
      "license": "ISC",
      "workspaces": [
        "apps/*"
      ],
      "devDependencies": {
        "typescript": "^6.0.3"
      }
    },
    "apps/order-service": {
      "version": "1.0.0",
      "license": "ISC"
    },
    "apps/product-service": {
      "version": "1.0.0",
      "license": "ISC"
    },
    "node_modules/order-service": {
      "resolved": "apps/order-service",
      "link": true
    },
    "node_modules/product-service": {
      "resolved": "apps/product-service",
      "link": true
    },
    "node_modules/typescript": {
      "version": "6.0.3",
      "resolved": "https://registry.npmjs.org/typescript/-/typescript-6.0.3.tgz",
      "integrity": "sha512-y2TvuxSZPDyQakkFRPZHKFm+KKVqIisdg9/CZwm9ftvKXLP8NRWj38/ODjNbr43SsoXqNuAisEf1GdCxqWcdBw==",
      "dev": true,
      "license": "Apache-2.0",
      "bin": {
        "tsc": "bin/tsc",
        "tsserver": "bin/tsserver"
      },
      "engines": {
        "node": ">=14.17"
      }
    }
  }
}
